
Microsoft Visual Studio Solution File, Format Version 12.00
# Visual Studio 15
VisualStudioVersion = 15.0.28307.106
MinimumVisualStudioVersion = 10.0.40219.1
Project("{8BC9CEB8-8B4A-11D0-8D11-00A0C91BC942}") = "25. String", "25. String\25. String.vcxproj", "{F227D9FD-FE84-4050-8818-BDAE644E2B5E}"
EndProject
Global
	GlobalSection(SolutionConfigurationPlatforms) = preSolution
		Debug|x64 = Debug|x64
		Debug|x86 = Debug|x86
		Release|x64 = Release|x64
		Release|x86 = Release|x86
	EndGlobalSection
	GlobalSection(ProjectConfigurationPlatforms) = postSolution
		{F227D9FD-FE84-4050-8818-BDAE644E2B5E}.Debug|x64.ActiveCfg = Debug|x64
		{F227D9FD-FE84-4050-8818-BDAE644E2B5E}.Debug|x64.Build.0 = Debug|x64
		{F227D9FD-FE84-4050-8818-BDAE644E2B5E}.Debug|x86.ActiveCfg = Debug|Win32
		{F227D9FD-FE84-4050-8818-BDAE644E2B5E}.Debug|x86.Build.0 = Debug|Win32
		{F227D9FD-FE84-4050-8818-BDAE644E2B5E}.Release|x64.ActiveCfg = Release|x64
		{F227D9FD-FE84-4050-8818-BDAE644E2B5E}.Release|x64.Build.0 = Release|x64
		{F227D9FD-FE84-4050-8818-BDAE644E2B5E}.Release|x86.ActiveCfg = Release|Win32
		{F227D9FD-FE84-4050-8818-BDAE644E2B5E}.Release|x86.Build.0 = Release|Win32
	EndGlobalSection
	GlobalSection(SolutionProperties) = preSolution
		HideSolutionNode = FALSE
	EndGlobalSection
	GlobalSection(ExtensibilityGlobals) = postSolution
		SolutionGuid = {B2599CBA-3B03-4BA9-A47A-92E8C2732BE0}
	EndGlobalSection
EndGlobal
