
Microsoft Visual Studio Solution File, Format Version 12.00
# Visual Studio 15
VisualStudioVersion = 15.0.28307.106
MinimumVisualStudioVersion = 10.0.40219.1
Project("{8BC9CEB8-8B4A-11D0-8D11-00A0C91BC942}") = "07. while do while", "07. while do while\07. while do while.vcxproj", "{B0F44D87-011F-4BA2-9BF6-411452BCBE69}"
EndProject
Global
	GlobalSection(SolutionConfigurationPlatforms) = preSolution
		Debug|x64 = Debug|x64
		Debug|x86 = Debug|x86
		Release|x64 = Release|x64
		Release|x86 = Release|x86
	EndGlobalSection
	GlobalSection(ProjectConfigurationPlatforms) = postSolution
		{B0F44D87-011F-4BA2-9BF6-411452BCBE69}.Debug|x64.ActiveCfg = Debug|x64
		{B0F44D87-011F-4BA2-9BF6-411452BCBE69}.Debug|x64.Build.0 = Debug|x64
		{B0F44D87-011F-4BA2-9BF6-411452BCBE69}.Debug|x86.ActiveCfg = Debug|Win32
		{B0F44D87-011F-4BA2-9BF6-411452BCBE69}.Debug|x86.Build.0 = Debug|Win32
		{B0F44D87-011F-4BA2-9BF6-411452BCBE69}.Release|x64.ActiveCfg = Release|x64
		{B0F44D87-011F-4BA2-9BF6-411452BCBE69}.Release|x64.Build.0 = Release|x64
		{B0F44D87-011F-4BA2-9BF6-411452BCBE69}.Release|x86.ActiveCfg = Release|Win32
		{B0F44D87-011F-4BA2-9BF6-411452BCBE69}.Release|x86.Build.0 = Release|Win32
	EndGlobalSection
	GlobalSection(SolutionProperties) = preSolution
		HideSolutionNode = FALSE
	EndGlobalSection
	GlobalSection(ExtensibilityGlobals) = postSolution
		SolutionGuid = {B49CA2DB-0718-4355-8584-A8E135279F12}
	EndGlobalSection
EndGlobal
