
Microsoft Visual Studio Solution File, Format Version 12.00
# Visual Studio 15
VisualStudioVersion = 15.0.28307.106
MinimumVisualStudioVersion = 10.0.40219.1
Project("{8BC9CEB8-8B4A-11D0-8D11-00A0C91BC942}") = "Flag example", "Flag example\Flag example.vcxproj", "{CD85A9AB-ABF6-4D17-BBB2-5DC1C81AA367}"
EndProject
Global
	GlobalSection(SolutionConfigurationPlatforms) = preSolution
		Debug|x64 = Debug|x64
		Debug|x86 = Debug|x86
		Release|x64 = Release|x64
		Release|x86 = Release|x86
	EndGlobalSection
	GlobalSection(ProjectConfigurationPlatforms) = postSolution
		{CD85A9AB-ABF6-4D17-BBB2-5DC1C81AA367}.Debug|x64.ActiveCfg = Debug|x64
		{CD85A9AB-ABF6-4D17-BBB2-5DC1C81AA367}.Debug|x64.Build.0 = Debug|x64
		{CD85A9AB-ABF6-4D17-BBB2-5DC1C81AA367}.Debug|x86.ActiveCfg = Debug|Win32
		{CD85A9AB-ABF6-4D17-BBB2-5DC1C81AA367}.Debug|x86.Build.0 = Debug|Win32
		{CD85A9AB-ABF6-4D17-BBB2-5DC1C81AA367}.Release|x64.ActiveCfg = Release|x64
		{CD85A9AB-ABF6-4D17-BBB2-5DC1C81AA367}.Release|x64.Build.0 = Release|x64
		{CD85A9AB-ABF6-4D17-BBB2-5DC1C81AA367}.Release|x86.ActiveCfg = Release|Win32
		{CD85A9AB-ABF6-4D17-BBB2-5DC1C81AA367}.Release|x86.Build.0 = Release|Win32
	EndGlobalSection
	GlobalSection(SolutionProperties) = preSolution
		HideSolutionNode = FALSE
	EndGlobalSection
	GlobalSection(ExtensibilityGlobals) = postSolution
		SolutionGuid = {D61B21F2-53CC-4AA4-9E4C-23A1BB1F50D8}
	EndGlobalSection
EndGlobal
