
Microsoft Visual Studio Solution File, Format Version 12.00
# Visual Studio 15
VisualStudioVersion = 15.0.28307.106
MinimumVisualStudioVersion = 10.0.40219.1
Project("{8BC9CEB8-8B4A-11D0-8D11-00A0C91BC942}") = "17. Template functions", "17. Template functions\17. Template functions.vcxproj", "{8D78E59B-909A-40ED-8CFE-1A07ABD86CA3}"
EndProject
Global
	GlobalSection(SolutionConfigurationPlatforms) = preSolution
		Debug|x64 = Debug|x64
		Debug|x86 = Debug|x86
		Release|x64 = Release|x64
		Release|x86 = Release|x86
	EndGlobalSection
	GlobalSection(ProjectConfigurationPlatforms) = postSolution
		{8D78E59B-909A-40ED-8CFE-1A07ABD86CA3}.Debug|x64.ActiveCfg = Debug|x64
		{8D78E59B-909A-40ED-8CFE-1A07ABD86CA3}.Debug|x64.Build.0 = Debug|x64
		{8D78E59B-909A-40ED-8CFE-1A07ABD86CA3}.Debug|x86.ActiveCfg = Debug|Win32
		{8D78E59B-909A-40ED-8CFE-1A07ABD86CA3}.Debug|x86.Build.0 = Debug|Win32
		{8D78E59B-909A-40ED-8CFE-1A07ABD86CA3}.Release|x64.ActiveCfg = Release|x64
		{8D78E59B-909A-40ED-8CFE-1A07ABD86CA3}.Release|x64.Build.0 = Release|x64
		{8D78E59B-909A-40ED-8CFE-1A07ABD86CA3}.Release|x86.ActiveCfg = Release|Win32
		{8D78E59B-909A-40ED-8CFE-1A07ABD86CA3}.Release|x86.Build.0 = Release|Win32
	EndGlobalSection
	GlobalSection(SolutionProperties) = preSolution
		HideSolutionNode = FALSE
	EndGlobalSection
	GlobalSection(ExtensibilityGlobals) = postSolution
		SolutionGuid = {98199E3C-C510-42D3-93A6-6F22F0DB3FF7}
	EndGlobalSection
EndGlobal
